
Microsoft Visual Studio Solution File, Format Version 12.00
# Visual Studio Version 16
VisualStudioVersion = 16.0.30320.27
MinimumVisualStudioVersion = 10.0.40219.1
Project("{FAE04EC0-301F-11D3-BF4B-00C04F79EFBC}") = "BertoniWeb2", "BertoniWeb2\BertoniWeb2.csproj", "{409F7705-1B63-4558-9DF6-A631BB5B2BA3}"
EndProject
Global
	GlobalSection(SolutionConfigurationPlatforms) = preSolution
		Debug|Any CPU = Debug|Any CPU
		Release|Any CPU = Release|Any CPU
	EndGlobalSection
	GlobalSection(ProjectConfigurationPlatforms) = postSolution
		{409F7705-1B63-4558-9DF6-A631BB5B2BA3}.Debug|Any CPU.ActiveCfg = Debug|Any CPU
		{409F7705-1B63-4558-9DF6-A631BB5B2BA3}.Debug|Any CPU.Build.0 = Debug|Any CPU
		{409F7705-1B63-4558-9DF6-A631BB5B2BA3}.Release|Any CPU.ActiveCfg = Release|Any CPU
		{409F7705-1B63-4558-9DF6-A631BB5B2BA3}.Release|Any CPU.Build.0 = Release|Any CPU
	EndGlobalSection
	GlobalSection(SolutionProperties) = preSolution
		HideSolutionNode = FALSE
	EndGlobalSection
	GlobalSection(ExtensibilityGlobals) = postSolution
		SolutionGuid = {BC66FE9D-637B-4E49-9245-43A10C0439C5}
	EndGlobalSection
EndGlobal
